
Microsoft Visual Studio Solution File, Format Version 12.00
# Visual Studio Version 17
VisualStudioVersion = 17.4.33110.190
MinimumVisualStudioVersion = 10.0.40219.1
Project("{9A19103F-16F7-4668-BE54-9A1E7A4F7556}") = "ClassLibraryFigures", "ClassLibraryFigures\ClassLibraryFigures.csproj", "{7F3951AF-719B-42DA-AFC3-63C24B31C2E4}"
EndProject
Project("{9A19103F-16F7-4668-BE54-9A1E7A4F7556}") = "LibraryTests", "LibraryTests\LibraryTests.csproj", "{8294680A-E5C3-4E21-8B64-B1DAF5789F5F}"
EndProject
Project("{FAE04EC0-301F-11D3-BF4B-00C04F79EFBC}") = "ConsoleAppTeststart", "ConsoleAppTeststart\ConsoleAppTeststart.csproj", "{9CBA7455-F510-4F7B-8540-77F7C51E02D0}"
EndProject
Global
	GlobalSection(SolutionConfigurationPlatforms) = preSolution
		Debug|Any CPU = Debug|Any CPU
		Release|Any CPU = Release|Any CPU
	EndGlobalSection
	GlobalSection(ProjectConfigurationPlatforms) = postSolution
		{7F3951AF-719B-42DA-AFC3-63C24B31C2E4}.Debug|Any CPU.ActiveCfg = Debug|Any CPU
		{7F3951AF-719B-42DA-AFC3-63C24B31C2E4}.Debug|Any CPU.Build.0 = Debug|Any CPU
		{7F3951AF-719B-42DA-AFC3-63C24B31C2E4}.Release|Any CPU.ActiveCfg = Release|Any CPU
		{7F3951AF-719B-42DA-AFC3-63C24B31C2E4}.Release|Any CPU.Build.0 = Release|Any CPU
		{8294680A-E5C3-4E21-8B64-B1DAF5789F5F}.Debug|Any CPU.ActiveCfg = Debug|Any CPU
		{8294680A-E5C3-4E21-8B64-B1DAF5789F5F}.Debug|Any CPU.Build.0 = Debug|Any CPU
		{8294680A-E5C3-4E21-8B64-B1DAF5789F5F}.Release|Any CPU.ActiveCfg = Release|Any CPU
		{8294680A-E5C3-4E21-8B64-B1DAF5789F5F}.Release|Any CPU.Build.0 = Release|Any CPU
		{9CBA7455-F510-4F7B-8540-77F7C51E02D0}.Debug|Any CPU.ActiveCfg = Debug|Any CPU
		{9CBA7455-F510-4F7B-8540-77F7C51E02D0}.Debug|Any CPU.Build.0 = Debug|Any CPU
		{9CBA7455-F510-4F7B-8540-77F7C51E02D0}.Release|Any CPU.ActiveCfg = Release|Any CPU
		{9CBA7455-F510-4F7B-8540-77F7C51E02D0}.Release|Any CPU.Build.0 = Release|Any CPU
	EndGlobalSection
	GlobalSection(SolutionProperties) = preSolution
		HideSolutionNode = FALSE
	EndGlobalSection
	GlobalSection(ExtensibilityGlobals) = postSolution
		SolutionGuid = {1C708192-11B8-4358-9F9D-4C77C71409A1}
	EndGlobalSection
EndGlobal
